{
    "_meta": {
        "hash": {
            "sha256": "f2d5b8d307c9133acc2066a5540a991709f8c11962f77b7279b51153eff17040"
        },
        "pipfile-spec": 6,
        "requires": {},
        "sources": [
            {
                "name": "pypi",
                "url": "https://pypi.org/simple",
                "verify_ssl": true
            }
        ]
    },
    "default": {
        "attrs": {
            "hashes": [
                "sha256:2d27e3784d7a565d36ab851fe94887c5eccd6a463168875832a1be79c82828b4",
                "sha256:626ba8234211db98e869df76230a137c4c40a12d72445c45d5f5b716f076e2fd"
            ],
            "markers": "python_version >= '2.7' and python_version not in '3.0, 3.1, 3.2, 3.3, 3.4'",
            "version": "==21.4.0"
        },
        "bcrypt": {
            "hashes": [
                "sha256:56e5da069a76470679f312a7d3d23deb3ac4519991a0361abc11da837087b61d",
                "sha256:5b93c1726e50a93a033c36e5ca7fdcd29a5c7395af50a6892f5d9e7c6cfbfb29",
                "sha256:63d4e3ff96188e5898779b6057878fecf3f11cfe6ec3b313ea09955d587ec7a7",
                "sha256:81fec756feff5b6818ea7ab031205e1d323d8943d237303baca2c5f9c7846f34",
                "sha256:a0584a92329210fcd75eb8a3250c5a941633f8bfaf2a18f81009b097732839b7",
                "sha256:a67fb841b35c28a59cebed05fbd3e80eea26e6d75851f0574a9273c80f3e9b55",
                "sha256:b589229207630484aefe5899122fb938a5b017b0f4349f769b8c13e78d99a8fd",
                "sha256:c95d4cbebffafcdd28bd28bb4e25b31c50f6da605c81ffd9ad8a3d1b2ab7b1b6",
                "sha256:cd1ea2ff3038509ea95f687256c46b79f5fc382ad0aa3664d200047546d511d1",
                "sha256:cdcdcb3972027f83fe24a48b1e90ea4b584d35f1cc279d76de6fc4b13376239d"
            ],
            "markers": "python_version >= '3.6'",
            "version": "==3.2.0"
        },
        "cffi": {
            "hashes": [
                "sha256:00c878c90cb53ccfaae6b8bc18ad05d2036553e6d9d1d9dbcf323bbe83854ca3",
                "sha256:0104fb5ae2391d46a4cb082abdd5c69ea4eab79d8d44eaaf79f1b1fd806ee4c2",
                "sha256:06c48159c1abed75c2e721b1715c379fa3200c7784271b3c46df01383b593636",
                "sha256:0808014eb713677ec1292301ea4c81ad277b6cdf2fdd90fd540af98c0b101d20",
                "sha256:10dffb601ccfb65262a27233ac273d552ddc4d8ae1bf93b21c94b8511bffe728",
                "sha256:14cd121ea63ecdae71efa69c15c5543a4b5fbcd0bbe2aad864baca0063cecf27",
                "sha256:17771976e82e9f94976180f76468546834d22a7cc404b17c22df2a2c81db0c66",
                "sha256:181dee03b1170ff1969489acf1c26533710231c58f95534e3edac87fff06c443",
                "sha256:23cfe892bd5dd8941608f93348c0737e369e51c100d03718f108bf1add7bd6d0",
                "sha256:263cc3d821c4ab2213cbe8cd8b355a7f72a8324577dc865ef98487c1aeee2bc7",
                "sha256:2756c88cbb94231c7a147402476be2c4df2f6078099a6f4a480d239a8817ae39",
                "sha256:27c219baf94952ae9d50ec19651a687b826792055353d07648a5695413e0c605",
                "sha256:2a23af14f408d53d5e6cd4e3d9a24ff9e05906ad574822a10563efcef137979a",
                "sha256:31fb708d9d7c3f49a60f04cf5b119aeefe5644daba1cd2a0fe389b674fd1de37",
                "sha256:3415c89f9204ee60cd09b235810be700e993e343a408693e80ce7f6a40108029",
                "sha256:3773c4d81e6e818df2efbc7dd77325ca0dcb688116050fb2b3011218eda36139",
                "sha256:3b96a311ac60a3f6be21d2572e46ce67f09abcf4d09344c49274eb9e0bf345fc",
                "sha256:3f7d084648d77af029acb79a0ff49a0ad7e9d09057a9bf46596dac9514dc07df",
                "sha256:41d45de54cd277a7878919867c0f08b0cf817605e4eb94093e7516505d3c8d14",
                "sha256:4238e6dab5d6a8ba812de994bbb0a79bddbdf80994e4ce802b6f6f3142fcc880",
                "sha256:45db3a33139e9c8f7c09234b5784a5e33d31fd6907800b316decad50af323ff2",
                "sha256:45e8636704eacc432a206ac7345a5d3d2c62d95a507ec70d62f23cd91770482a",
                "sha256:4958391dbd6249d7ad855b9ca88fae690783a6be9e86df65865058ed81fc860e",
                "sha256:4a306fa632e8f0928956a41fa8e1d6243c71e7eb59ffbd165fc0b41e316b2474",
                "sha256:57e9ac9ccc3101fac9d6014fba037473e4358ef4e89f8e181f8951a2c0162024",
                "sha256:59888172256cac5629e60e72e86598027aca6bf01fa2465bdb676d37636573e8",
                "sha256:5e069f72d497312b24fcc02073d70cb989045d1c91cbd53979366077959933e0",
                "sha256:64d4ec9f448dfe041705426000cc13e34e6e5bb13736e9fd62e34a0b0c41566e",
                "sha256:6dc2737a3674b3e344847c8686cf29e500584ccad76204efea14f451d4cc669a",
                "sha256:74fdfdbfdc48d3f47148976f49fab3251e550a8720bebc99bf1483f5bfb5db3e",
                "sha256:75e4024375654472cc27e91cbe9eaa08567f7fbdf822638be2814ce059f58032",
                "sha256:786902fb9ba7433aae840e0ed609f45c7bcd4e225ebb9c753aa39725bb3e6ad6",
                "sha256:8b6c2ea03845c9f501ed1313e78de148cd3f6cad741a75d43a29b43da27f2e1e",
                "sha256:91d77d2a782be4274da750752bb1650a97bfd8f291022b379bb8e01c66b4e96b",
                "sha256:91ec59c33514b7c7559a6acda53bbfe1b283949c34fe7440bcf917f96ac0723e",
                "sha256:920f0d66a896c2d99f0adbb391f990a84091179542c205fa53ce5787aff87954",
                "sha256:a5263e363c27b653a90078143adb3d076c1a748ec9ecc78ea2fb916f9b861962",
                "sha256:abb9a20a72ac4e0fdb50dae135ba5e77880518e742077ced47eb1499e29a443c",
                "sha256:c2051981a968d7de9dd2d7b87bcb9c939c74a34626a6e2f8181455dd49ed69e4",
                "sha256:c21c9e3896c23007803a875460fb786118f0cdd4434359577ea25eb556e34c55",
                "sha256:c2502a1a03b6312837279c8c1bd3ebedf6c12c4228ddbad40912d671ccc8a962",
                "sha256:d4d692a89c5cf08a8557fdeb329b82e7bf609aadfaed6c0d79f5a449a3c7c023",
                "sha256:da5db4e883f1ce37f55c667e5c0de439df76ac4cb55964655906306918e7363c",
                "sha256:e7022a66d9b55e93e1a845d8c9eba2a1bebd4966cd8bfc25d9cd07d515b33fa6",
                "sha256:ef1f279350da2c586a69d32fc8733092fd32cc8ac95139a00377841f59a3f8d8",
                "sha256:f54a64f8b0c8ff0b64d18aa76675262e1700f3995182267998c31ae974fbc382",
                "sha256:f5c7150ad32ba43a07c4479f40241756145a1f03b43480e058cfd862bf5041c7",
                "sha256:f6f824dc3bce0edab5f427efcfb1d63ee75b6fcb7282900ccaf925be84efb0fc",
                "sha256:fd8a250edc26254fe5b33be00402e6d287f562b6a5b2152dec302fa15bb3e997",
                "sha256:ffaa5c925128e29efbde7301d8ecaf35c8c60ffbcd6a1ffd3a552177c8e5e796"
            ],
            "version": "==1.15.0"
        },
        "click": {
            "hashes": [
                "sha256:353f466495adaeb40b6b5f592f9f91cb22372351c84caeb068132442a4518ef3",
                "sha256:410e932b050f5eed773c4cda94de75971c89cdb3155a72a0831139a79e5ecb5b"
            ],
            "markers": "python_version >= '3.6'",
            "version": "==8.0.3"
        },
        "cryptography": {
            "hashes": [
                "sha256:0a817b961b46894c5ca8a66b599c745b9a3d9f822725221f0e0fe49dc043a3a3",
                "sha256:2d87cdcb378d3cfed944dac30596da1968f88fb96d7fc34fdae30a99054b2e31",
                "sha256:30ee1eb3ebe1644d1c3f183d115a8c04e4e603ed6ce8e394ed39eea4a98469ac",
                "sha256:391432971a66cfaf94b21c24ab465a4cc3e8bf4a939c1ca5c3e3a6e0abebdbcf",
                "sha256:39bdf8e70eee6b1c7b289ec6e5d84d49a6bfa11f8b8646b5b3dfe41219153316",
                "sha256:4caa4b893d8fad33cf1964d3e51842cd78ba87401ab1d2e44556826df849a8ca",
                "sha256:53e5c1dc3d7a953de055d77bef2ff607ceef7a2aac0353b5d630ab67f7423638",
                "sha256:596f3cd67e1b950bc372c33f1a28a0692080625592ea6392987dba7f09f17a94",
                "sha256:5d59a9d55027a8b88fd9fd2826c4392bd487d74bf628bb9d39beecc62a644c12",
                "sha256:6c0c021f35b421ebf5976abf2daacc47e235f8b6082d3396a2fe3ccd537ab173",
                "sha256:73bc2d3f2444bcfeac67dd130ff2ea598ea5f20b40e36d19821b4df8c9c5037b",
                "sha256:74d6c7e80609c0f4c2434b97b80c7f8fdfaa072ca4baab7e239a15d6d70ed73a",
                "sha256:7be0eec337359c155df191d6ae00a5e8bbb63933883f4f5dffc439dac5348c3f",
                "sha256:94ae132f0e40fe48f310bba63f477f14a43116f05ddb69d6fa31e93f05848ae2",
                "sha256:bb5829d027ff82aa872d76158919045a7c1e91fbf241aec32cb07956e9ebd3c9",
                "sha256:ca238ceb7ba0bdf6ce88c1b74a87bffcee5afbfa1e41e173b1ceb095b39add46",
                "sha256:ca28641954f767f9822c24e927ad894d45d5a1e501767599647259cbf030b903",
                "sha256:e0344c14c9cb89e76eb6a060e67980c9e35b3f36691e15e1b7a9e58a0a6c6dc3",
                "sha256:ebc15b1c22e55c4d5566e3ca4db8689470a0ca2babef8e3a9ee057a8b82ce4b1",
                "sha256:ec63da4e7e4a5f924b90af42eddf20b698a70e58d86a72d943857c4c6045b3ee"
            ],
            "markers": "python_version >= '3.6'",
            "version": "==36.0.1"
        },
        "iniconfig": {
            "hashes": [
                "sha256:011e24c64b7f47f6ebd835bb12a743f2fbe9a26d4cecaa7f53bc4f35ee9da8b3",
                "sha256:bc3af051d7d14b2ee5ef9969666def0cd1a000e121eaea580d4a313df4b37f32"
            ],
            "version": "==1.1.1"
        },
        "numpy": {
            "hashes": [
                "sha256:0d245a2bf79188d3f361137608c3cd12ed79076badd743dc660750a9f3074f7c",
                "sha256:26b4018a19d2ad9606ce9089f3d52206a41b23de5dfe8dc947d2ec49ce45d015",
                "sha256:2db01d9838a497ba2aa9a87515aeaf458f42351d72d4e7f3b8ddbd1eba9479f2",
                "sha256:3d62d6b0870b53799204515145935608cdeb4cebb95a26800b6750e48884cc5b",
                "sha256:45a7dfbf9ed8d68fd39763940591db7637cf8817c5bce1a44f7b56c97cbe211e",
                "sha256:4ac4d7c9f8ea2a79d721ebfcce81705fc3cd61a10b731354f1049eb8c99521e8",
                "sha256:60f19c61b589d44fbbab8ff126640ae712e163299c2dd422bfe4edc7ec51aa9b",
                "sha256:632e062569b0fe05654b15ef0e91a53c0a95d08ffe698b66f6ba0f927ad267c2",
                "sha256:65f5e257987601fdfc63f1d02fca4d1c44a2b85b802f03bd6abc2b0b14648dd2",
                "sha256:69958735d5e01f7b38226a6c6e7187d72b7e4d42b6b496aca5860b611ca0c193",
                "sha256:78bfbdf809fc236490e7e65715bbd98377b122f329457fffde206299e163e7f3",
                "sha256:7e957ca8112c689b728037cea9c9567c27cf912741fabda9efc2c7d33d29dfa1",
                "sha256:800dfeaffb2219d49377da1371d710d7952c9533b57f3d51b15e61c4269a1b5b",
                "sha256:831f2df87bd3afdfc77829bc94bd997a7c212663889d56518359c827d7113b1f",
                "sha256:88d54b7b516f0ca38a69590557814de2dd638d7d4ed04864826acaac5ebb8f01",
                "sha256:8d1563060e77096367952fb44fca595f2b2f477156de389ce7c0ade3aef29e21",
                "sha256:b5ec9a5eaf391761c61fd873363ef3560a3614e9b4ead17347e4deda4358bca4",
                "sha256:bcd19dab43b852b03868796f533b5f5561e6c0e3048415e675bec8d2e9d286c1",
                "sha256:c51124df17f012c3b757380782ae46eee85213a3215e51477e559739f57d9bf6",
                "sha256:e348ccf5bc5235fc405ab19d53bec215bb373300e5523c7b476cc0da8a5e9973",
                "sha256:e60ef82c358ded965fdd3132b5738eade055f48067ac8a5a8ac75acc00cad31f",
                "sha256:f8ad59e6e341f38266f1549c7c2ec70ea0e3d1effb62a44e5c3dba41c55f0187"
            ],
            "index": "pypi",
            "version": "==1.22.1"
        },
        "packaging": {
            "hashes": [
                "sha256:dd47c42927d89ab911e606518907cc2d3a1f38bbd026385970643f9c5b8ecfeb",
                "sha256:ef103e05f519cdc783ae24ea4e2e0f508a9c99b2d4969652eed6a2e1ea5bd522"
            ],
            "markers": "python_version >= '3.6'",
            "version": "==21.3"
        },
        "paramiko": {
            "hashes": [
                "sha256:04097dbd96871691cdb34c13db1883066b8a13a0df2afd4cb0a92221f51c2603",
                "sha256:944a9e5dbdd413ab6c7951ea46b0ab40713235a9c4c5ca81cfe45c6f14fa677b"
            ],
            "version": "==2.9.2"
        },
        "pint": {
            "hashes": [
                "sha256:4b37f3c470639ea6f96b0026c3364bde30631fa737092bdaf18ad3f4f76f252f",
                "sha256:8c4bce884c269051feb7abc69dbfd18403c0c764abc83da132e8a7222f8ba801"
            ],
            "markers": "python_version >= '3.7'",
            "version": "==0.18"
        },
        "pluggy": {
            "hashes": [
                "sha256:4224373bacce55f955a878bf9cfa763c1e360858e330072059e10bad68531159",
                "sha256:74134bbf457f031a36d68416e1509f34bd5ccc019f0bcc952c7b909d06b37bd3"
            ],
            "markers": "python_version >= '3.6'",
            "version": "==1.0.0"
        },
        "py": {
            "hashes": [
                "sha256:51c75c4126074b472f746a24399ad32f6053d1b34b68d2fa41e558e6f4a98719",
                "sha256:607c53218732647dff4acdfcd50cb62615cedf612e72d1724fb1a0cc6405b378"
            ],
            "markers": "python_version >= '2.7' and python_version not in '3.0, 3.1, 3.2, 3.3, 3.4'",
            "version": "==1.11.0"
        },
        "pycparser": {
            "hashes": [
                "sha256:8ee45429555515e1f6b185e78100aea234072576aa43ab53aefcae078162fca9",
                "sha256:e644fdec12f7872f86c58ff790da456218b10f863970249516d60a5eaca77206"
            ],
            "version": "==2.21"
        },
        "pyfrc": {
            "hashes": [
                "sha256:1aae88f0a82d2875d93721127963b57823976726817dc9a1d92e7ec7ad89b9f2",
                "sha256:d7cfed6586a86eead9405132278c3c10aafd0e313f48418d6a12076d2d3f431c"
            ],
            "markers": "platform_machine != 'armv7l'",
            "version": "==2022.0.0"
        },
        "pynacl": {
            "hashes": [
                "sha256:06b8f6fa7f5de8d5d2f7573fe8c863c051225a27b61e6860fd047b1775807858",
                "sha256:0c84947a22519e013607c9be43706dd42513f9e6ae5d39d3613ca1e142fba44d",
                "sha256:20f42270d27e1b6a29f54032090b972d97f0a1b0948cc52392041ef7831fee93",
                "sha256:401002a4aaa07c9414132aaed7f6836ff98f59277a234704ff66878c2ee4a0d1",
                "sha256:52cb72a79269189d4e0dc537556f4740f7f0a9ec41c1322598799b0bdad4ef92",
                "sha256:61f642bf2378713e2c2e1de73444a3778e5f0a38be6fee0fe532fe30060282ff",
                "sha256:8ac7448f09ab85811607bdd21ec2464495ac8b7c66d146bf545b0f08fb9220ba",
                "sha256:a36d4a9dda1f19ce6e03c9a784a2921a4b726b02e1c736600ca9c22029474394",
                "sha256:a422368fc821589c228f4c49438a368831cb5bbc0eab5ebe1d7fac9dded6567b",
                "sha256:e46dae94e34b085175f8abb3b0aaa7da40767865ac82c928eeb9e57e1ea8a543"
            ],
            "markers": "python_version >= '3.6'",
            "version": "==1.5.0"
        },
        "pynetconsole": {
            "hashes": [
                "sha256:0b442dcb66905452935ec93a1a48efab9b95df2151580895bc0040196948fbb0"
            ],
            "version": "==2.0.2"
        },
        "pynetworktables": {
            "hashes": [
                "sha256:54604b1993515c43890be058263f158c1d168c69bedd802f0de644964cf3840d",
                "sha256:91167948e66c29d5c90f85f3e249403f4d2ebf11368b93f9b968ef315388c73c"
            ],
            "markers": "python_version >= '3.5'",
            "version": "==2021.0.0"
        },
        "pyntcore": {
            "hashes": [
                "sha256:034513a0a2e5ba96242bdcc4a87b3f6efac026dbdacaf54b2404a19951a7d5ca",
                "sha256:13abc2750bf8be11b24f300499bf0f852c9476883587c3449d5e4bfd34aace94",
                "sha256:1f92b5e395cc91f59cfb09631ba66ae4e3cb5f60df7a846b55090d3de39159bb",
                "sha256:24fe4888a34af3de7212cf5e0caf38e980ccd841465714fc9328255c132d1609",
                "sha256:25aae6dd91eefdc25e75dcf1017809fe859fc19f6c1586a6967cb0827d63c2e5",
                "sha256:491f3ddd430f3a79dd7a845dc3776159fb3ac4d1c4862c679fc5a202589ade5e",
                "sha256:4c876601c9f6b47c02788dc64a0783a2ed97b331fc0ea9e8b782637bc8d22f18",
                "sha256:4cb842e0189f79c4a04ab6d0bcced059cea3e4d86889f26ac1dea52b62eb9c56",
                "sha256:79b0ebc00cdf2fd064ac485d4b5fbc649d732aa5d96a7f726f88f07114abe6a9",
                "sha256:92f7da863be314ed375bfeb9be7d53138367ab320dfd341b5d1e7a30b3666f43",
                "sha256:ccd430cfda3796a570d41c068eb370976914aa4ea1e576a35dd9dcf3dad9cc74",
                "sha256:cdded2b13fd77019b11d99207c08ad677c631476896205abb2bfee9e7dd31fda",
                "sha256:cf1d0fe1c737d9ceba435f65bea1dc35548e070603594a4221872bb344826fa2",
                "sha256:e344c2afcd516c4ea71856a558e1ce94e1f40da2a2d29052cc2bc413cc65a010",
                "sha256:f0357eb3929b26b8860963b4a516a90f666f6c71ebb69f9eb926f4f1588c7bf7",
                "sha256:fffae19555938e3952fa63b6e8dd976101261c2c557ad7422672b08d450b860d"
            ],
            "markers": "python_version >= '3.6'",
            "version": "==2022.2.1.0"
        },
        "pyparsing": {
            "hashes": [
                "sha256:04ff808a5b90911829c55c4e26f75fa5ca8a2f5f36aa3a51f68e27033341d3e4",
                "sha256:d9bdec0013ef1eb5a84ab39a3b3868911598afa494f5faa038647101504e2b81"
            ],
            "markers": "python_version >= '3.6'",
            "version": "==3.0.6"
        },
        "pytest": {
            "hashes": [
                "sha256:131b36680866a76e6781d13f101efb86cf674ebb9762eb70d3082b6f29889e89",
                "sha256:7310f8d27bc79ced999e760ca304d69f6ba6c6649c0b60fb0e04a4a77cacc134"
            ],
            "markers": "python_version >= '3.6'",
            "version": "==6.2.5"
        },
        "robotpy": {
            "extras": [
                "rev"
            ],
            "hashes": [
                "sha256:4a0998b5d40439a13f69d1710510d3f5b1878f7b6ea16eab3fe81e8bf0f287e7",
                "sha256:97b685a3583963bf27d19e2a6bf7c3a1bff495046b535b83cf4a98a788fef1a3"
            ],
            "index": "pypi",
            "version": "==2022.0.14"
        },
        "robotpy-hal": {
            "hashes": [
                "sha256:02592fa5ea52c5b63863e4bf8c8069f2927680a4a3e8a9e4d9f9b44060e66d70",
                "sha256:3ae0ccb2598367cce11b3de0ede1b6bd012b7ddef57cbe753f2983ab73c7ed93",
                "sha256:3f3f2d28ddf504bfe91fb1d0ab0a6870db3c15509b6e0e2a449278bebc2e947f",
                "sha256:4c3458ee9a35fa90ff8c63c2ba1a4d0d43d7b80eb9167fa83de2d1508b343a86",
                "sha256:4c9191adf08596e781fe3ebf5374255439e9658f091d7144caeff0821e620ba3",
                "sha256:67d16f8ea8f141893743b770f969f677733b856c440ba050dfbffc3c90eb5fe5",
                "sha256:6a7f04273a4f6f42118ab8572560a67eb7e1ba38a4b9c8d6c8b8265fd0d4356b",
                "sha256:6b1348864e7c13882b708cd97ac819db2df4f0e1b881a391d26a78d6f607f495",
                "sha256:7789e5d08497f7559d5c09df2012d8894f07bb7264688a225b915b1897a25604",
                "sha256:8dc58ac17c2bb4821772d6c0f3f113305705ee1e1f1ef566e23105c9fb838cc1",
                "sha256:97ebe91ddc7b9b59bfa7d3822ae4e73420f4d2c9c97a1730a790359252f33122",
                "sha256:c7f92e231ec03fd60866f77b4c1cc0324cc0764d0b720699265955c39b8bb203",
                "sha256:cdccfb348a1104afb523011e11fce01d7bf1e22deeb25f8c7861944e31bba296",
                "sha256:d5d8adbe2e27b9d69514fb31f630193bd0d2643518faa8d63811de94d190ff9c",
                "sha256:ec473bd031ef5f4be7ea84bbad02b5dfb2900e03c79303704dd852422345bcde",
                "sha256:f9cc03635d8459b5a47e04b77569dcb58bfece115b7a9e8e076d904c3b15f464"
            ],
            "markers": "python_version >= '3.6'",
            "version": "==2022.2.1.0"
        },
        "robotpy-halsim-gui": {
            "hashes": [
                "sha256:017b5ec92398424c155423203cc56152b3289916250bb99f8d48462b0f599c5c",
                "sha256:06c184b3a97a64c3c6ced72ff402bb14f68273fc651d4224076fa0a06940a4c7",
                "sha256:103c34909fc0a0d94181a455fef8d8bfbdb103d54647974e42829b6d85331bd2",
                "sha256:22c16736fcbf77d9edb7d2c5ba3df407f46f6e169838310d94616527e5ad1c48",
                "sha256:2ff995559341f28292a5c031ea56c25d6359ef3b4e4c1075c3177b11557e35bd",
                "sha256:35f0bab5c9a3ddd76fee4ed9b9d2ee3c5fd85c1cfa8908b992ac87f20fb0f165",
                "sha256:4015a4e0cda6bb2e13d6b5370b65f600bd08711f2dee8a291e26bcdabd4f2f51",
                "sha256:49af93fb80db49a29c7bf48a0d0cfa568397e5a137d3bc8682688b960bd9e312",
                "sha256:55fd5baa4cdded4230cc02896e0c138a43ca22006e9592727162f63b0c25e5ff",
                "sha256:729415089745399f043be085af61f2b79bdfcac62e6e94fe379eb4e3fc11ebdb",
                "sha256:b4a38f093dd3e5c1baef14d56b08ad65f79246f009460fc4f3d978e1b71cb2e9",
                "sha256:d0974232b7ceb83ea2951e497cd89cb589830234716a99f85fc91aed57f225c9",
                "sha256:d74a71afc55791adeb66f74ee53cc1ae07c50f56ece1496b3bd4252477a79a1b",
                "sha256:ece4a1ce1f2853e5dbc06328dbc91b41e95c8da1c6d2873e79f721d5f7605c9c",
                "sha256:f0e312a89f7fd8a112011f1983c55c8c08ee591c9d89e6d9bb4a4896317e9efd",
                "sha256:f3ceb8c9142fb4eb02dbf066b9426f75fdfae88153cefbdb346da444b6810704"
            ],
            "markers": "platform_machine != 'armv7l'",
            "version": "==2022.2.1.0"
        },
        "robotpy-installer": {
            "hashes": [
                "sha256:8407389e38bc7d59550e0a4dc87010dbf0ac20b01307e65e5a8a9e9ddde1bd52",
                "sha256:8eeae4592fdc3da6b439a9b04ecd0f43ce3ffce89f7ad21997793567c07797fa"
            ],
            "markers": "platform_machine != 'armv7l'",
            "version": "==2022.0.0"
        },
        "robotpy-rev": {
            "hashes": [
                "sha256:016bb47f8efda0fa3ff2edbba15fff610e6b29deb77c0126e31ee871bcfd9ea2",
                "sha256:1656a90e68faec59c53ee2fcad19b7d2dc843c1ddd612cf940a6da539c79bdcc",
                "sha256:2a8d2eb09970bf616db86f729aff77dae60667d3cecc3b34dc1d9f38f4e2e94a",
                "sha256:3289bcb3ce3d262ad71946cb13772b057b32bb873802489eb9f1d4bdd1262f96",
                "sha256:418fa94178f34702b5ba9118f6fb41fea0e5fd2662225a62560d4015bfb4a7f7",
                "sha256:4806472ecf1fde30d40283621a59cc8094c7030e27a2b39634e8bcda5b47619e",
                "sha256:5b0994e655151a29bb35e1e25e4684820495a9e4e6832046c37e8ca786e3cf24",
                "sha256:8dcf9ac355f33cd297943d95bf904752ef37c1ca87848bef63e8064311078cbb",
                "sha256:8f094dd6d120f4badcaaf7d7d10fe6193cfe3d13b3f8064e1fe6c4904d17c8a8",
                "sha256:ac0521959c8f2a9ca2495b93eb3b03407742e889a2658a7964721339da7092d2",
                "sha256:af95491b6f64f0f4764c59c895ec18d335ff77156716ebe54a140d81d721c723",
                "sha256:b1054709f841d76049fa98c3abb78724638502c8799ddc594ee719fbfb025186",
                "sha256:b47898d44f458039a09b81ca11eb8c51302d008aad2a0868fad65195a820f312",
                "sha256:dfce366f1404e1ae96ca7c8ada2f402f0d87aac71e07d218ef2cf697f86f6eea",
                "sha256:e53f4b72c0ac7987fcb0820b9b3de31fec3db9da7f685194d238ae41587f435a",
                "sha256:f34d9c81da1229650ff43157bf2038452156fe2ecd221c559b89c87a5ffd4276"
            ],
            "version": "==2022.0.0"
        },
        "robotpy-wpilib-utilities": {
            "hashes": [
                "sha256:0ecdd47d99791700cfa018ffe62d9df202f9f3d075b70dd914bf793f9772edf8",
                "sha256:c48c62f05515a0f963b306e435aca67cfcae25de3deefe0513c40b8eaa9e69e5"
            ],
            "markers": "python_version >= '3.6'",
            "version": "==2022.0.0"
        },
        "robotpy-wpimath": {
            "hashes": [
                "sha256:0b1f2e2a33e7311dea380e7efe11373aad0c9d393d513ca7d8aed7ad22d399dd",
                "sha256:4586e69954b7491a7889c5b17b7af42ba193667633b7effe628e7c4c3ac2bc3f",
                "sha256:55b4296233ed72f043bfc724df553228fa07da34b274de7d21c2bf17147fe49d",
                "sha256:562093cfec946052dda9bace2f2af45e8968f5052757e47301273ff0895fe818",
                "sha256:562c0865a3186960fe59e90439f23db614b5e01e223b2c783f7284e78f17203b",
                "sha256:58133075de32d011d63cb3c085860b8be43cff73b740e61d340b61d208639d01",
                "sha256:67bb406b887b4fb3c7f0a1778da6f971bd97b2118ea5eef05634e47e8aec1719",
                "sha256:6becd3f7cf17ec0283de35abdc54947a487ca4ff045af1f2b2cc058e7a281d75",
                "sha256:6e8f23697fe7e181f91a00f2f6a3a810dd2684835af75f83807e0b4061e41c52",
                "sha256:7471e771f4e2744d4ec9802a25e76a8104fbbe7037d9c39aade9d07beb27f6f7",
                "sha256:88cb6bf9210ad773d0d82a3286d35d6667b71432bd9947d22641be3a973d77df",
                "sha256:91b2afbaf22bf162d124b2e0433423109c2619ebb779d852b9fdad5585e5e3cf",
                "sha256:aa55a80ac5bbfd21fd29a54baa86ade23480656c5024a251b90386f243dd80e1",
                "sha256:ace2ad39abd7107751468cf00f862245d6461bf574ba9f3ecbddf6ba3ac67c01",
                "sha256:b3713879d79235b1db2fd8e42c2e8c67744b66cc4f7fbbb0c083dcb16c17df06",
                "sha256:f54561b65c12c6fe009f2cd75879f8342dec3871c5929c0661743ab27d88acaa"
            ],
            "markers": "python_version >= '3.6'",
            "version": "==2022.2.1.1"
        },
        "robotpy-wpiutil": {
            "hashes": [
                "sha256:00b55c2e249a7db883c85927701a5311c0b12fe9c2b1229f314cef7dccae7abc",
                "sha256:04e2b96bc4fdd3f35779b757c712004f86cd8ac29da5c8f76f1ac87b55d24f95",
                "sha256:0cd03ddee80e4908f9e3d3a9c763f9164f3d5df16a9c273645fd01737a0135d2",
                "sha256:12f9747db4226f90e509bcff1df3b7882dd8fe33eb6ead58187ea5a703c1c8b5",
                "sha256:2aa5d2b941c03cefac0536857f0445df448ff0f000627736f486395246142a6c",
                "sha256:379a95570d598c7245eb35c65b66cc8efa200035793db9100670bbf680591ef4",
                "sha256:3922556e2035303ffa00e5dcc41f8d9b7b9c86e073f30e515668e1e2e1d73cc6",
                "sha256:3ea9a94812ef7315fa3a2b03643a4da3681e5ec57e1e5d053d64f68bc834f531",
                "sha256:4d07c86d5175a2a51451df5d4d848b1799ee6695f73f1d193df644ce52dd420d",
                "sha256:5712e1f58b77f9f2bced89256f1f5abc0e69f6b4c0d1332660a0319be900c2f5",
                "sha256:744858304efeef42b2dca39ba86a6ebf11c08587017b7467e6e7244363c9550a",
                "sha256:89d68764469a60dae52a8ee728e701a5623e385cd761735fe1d21a7a31f5432c",
                "sha256:bb3c9498c1284399e489986b7b2fe09d2007b2fa33be597f1ba2740462696f43",
                "sha256:c357897f03d83f647d3a09bfb5208747c498332bae908fcd5dda6abfd10efc21",
                "sha256:d18935c330ac833436a793a934a28c555d355b77bb89d4764df29b5e00a62e6f",
                "sha256:fb04faffd3ca98b96457cfbb762798635c55012a1b96e877edf189850b93deff"
            ],
            "markers": "python_version >= '3.6'",
            "version": "==2022.2.1.0"
        },
        "six": {
            "hashes": [
                "sha256:1e61c37477a1626458e36f7b1d82aa5c9b094fa4802892072e49de9c60c4c926",
                "sha256:8abb2f1d86890a2dfb989f9a77cfcfd3e47c2a354b01111771326f8aa26e0254"
            ],
            "markers": "python_version >= '2.7' and python_version not in '3.0, 3.1, 3.2, 3.3'",
            "version": "==1.16.0"
        },
        "toml": {
            "hashes": [
                "sha256:806143ae5bfb6a3c6e736a764057db0e6a0e05e338b5630894a5f779cabb4f9b",
                "sha256:b3bda1d108d5dd99f4a20d24d9c348e91c4db7ab1b749200bded2f839ccbe68f"
            ],
            "markers": "python_version >= '2.6' and python_version not in '3.0, 3.1, 3.2, 3.3'",
            "version": "==0.10.2"
        },
        "wpilib": {
            "extras": [
                "all"
            ],
            "hashes": [
                "sha256:07ed40d818592cabc77c94f5838ca9e06ca5283a7da81edd890782907dd96827",
                "sha256:0db565eb1fd0b9215347254faa7d2606b77d2142cce923ee013d0bebaab3fefb",
                "sha256:12ecb82b358038261823d634590c16c98bdf011c43fa6dec95623196d61c11b7",
                "sha256:2ebf721baab94b357a2785406954ab14d455b792974f80d1b198693c1047feab",
                "sha256:3cee11f7a037a71bee58d43d511b6b36c01e2d571388ce8dd953b27c27fb4a89",
                "sha256:60b714684140df99479049024d6ac36215a088fbad3632bf8b07a944dda49d78",
                "sha256:63827b0759c3e37ad7d047690a198e48990f3fe9af446bf4b614a810f3cf6573",
                "sha256:6b3bb9e400659bbc75bd7f66fa7b34b4e74c4d155917b2e254380230e0e7d54f",
                "sha256:6ec05efa8d1633c638673f9997d50856567e9385e0a19e6f19d1844b345db589",
                "sha256:8f848982f0703756eec02a3cac60ed1314e7106d9d1a56646b92bf697d090edd",
                "sha256:92f2c2c34b0eb0f373c7492e773553d1b5a18ea9a9a15b07444e0a1bd2f8bcfe",
                "sha256:bdb40bc8fe59b65ef9d062689d4ee496688b2e99ae5d9af108a23d811cb7bad5",
                "sha256:c505b67373f6e5f0597b78d53de39333cd16d1565b7bc25cd301f53e4432c8d4",
                "sha256:cf1ab046ed1bdfdd86d27f2b88d29bb703e6762877313ee2ec3ebb60ef4cacc3",
                "sha256:d7e90c89036b5ceeed17111933e3a37e4469ea1b585281ecb8a7860a02da00e5",
                "sha256:fc7548e0da2c4827ab29c50c15aed8b2107d65ebaa9101f7f79493529abf227b"
            ],
            "index": "pypi",
            "version": "==2022.2.1.1"
        }
    },
    "develop": {}
}
